
Microsoft Visual Studio Solution File, Format Version 12.00
# Visual Studio Version 18
VisualStudioVersion = 18.1.11304.174
MinimumVisualStudioVersion = 10.0.40219.1
Project("{FAE04EC0-301F-11D3-BF4B-00C04F79EFBC}") = "Project", "ConsoleApp1\Project.csproj", "{7DE9A267-2EAA-4997-9AEF-43E7DCDE3B12}"
EndProject
Project("{FAE04EC0-301F-11D3-BF4B-00C04F79EFBC}") = "GameLibrary.tests", "GameLibrary.tests\GameLibrary.tests.csproj", "{8D9E4742-BD65-425A-BF44-8D042A84D017}"
EndProject
Global
	GlobalSection(SolutionConfigurationPlatforms) = preSolution
		Debug|Any CPU = Debug|Any CPU
		Release|Any CPU = Release|Any CPU
	EndGlobalSection
	GlobalSection(ProjectConfigurationPlatforms) = postSolution
		{7DE9A267-2EAA-4997-9AEF-43E7DCDE3B12}.Debug|Any CPU.ActiveCfg = Debug|Any CPU
		{7DE9A267-2EAA-4997-9AEF-43E7DCDE3B12}.Debug|Any CPU.Build.0 = Debug|Any CPU
		{7DE9A267-2EAA-4997-9AEF-43E7DCDE3B12}.Release|Any CPU.ActiveCfg = Release|Any CPU
		{7DE9A267-2EAA-4997-9AEF-43E7DCDE3B12}.Release|Any CPU.Build.0 = Release|Any CPU
		{8D9E4742-BD65-425A-BF44-8D042A84D017}.Debug|Any CPU.ActiveCfg = Debug|Any CPU
		{8D9E4742-BD65-425A-BF44-8D042A84D017}.Debug|Any CPU.Build.0 = Debug|Any CPU
		{8D9E4742-BD65-425A-BF44-8D042A84D017}.Release|Any CPU.ActiveCfg = Release|Any CPU
		{8D9E4742-BD65-425A-BF44-8D042A84D017}.Release|Any CPU.Build.0 = Release|Any CPU
	EndGlobalSection
	GlobalSection(SolutionProperties) = preSolution
		HideSolutionNode = FALSE
	EndGlobalSection
	GlobalSection(ExtensibilityGlobals) = postSolution
		SolutionGuid = {47F77450-E05E-4C7E-A75C-3548593F3EC2}
	EndGlobalSection
EndGlobal


